
Microsoft Visual Studio Solution File, Format Version 12.00
# Visual Studio Version 17
VisualStudioVersion = 17.1.31911.260
MinimumVisualStudioVersion = 10.0.40219.1
Project("{FAE04EC0-301F-11D3-BF4B-00C04F79EFBC}") = "ODataSample", "ODataSample\ODataSample.csproj", "{4F43BDC2-1864-4BD7-8162-6F081F88BE3D}"
EndProject
Global
	GlobalSection(SolutionConfigurationPlatforms) = preSolution
		Debug|Any CPU = Debug|Any CPU
		Release|Any CPU = Release|Any CPU
	EndGlobalSection
	GlobalSection(ProjectConfigurationPlatforms) = postSolution
		{4F43BDC2-1864-4BD7-8162-6F081F88BE3D}.Debug|Any CPU.ActiveCfg = Debug|Any CPU
		{4F43BDC2-1864-4BD7-8162-6F081F88BE3D}.Debug|Any CPU.Build.0 = Debug|Any CPU
		{4F43BDC2-1864-4BD7-8162-6F081F88BE3D}.Release|Any CPU.ActiveCfg = Release|Any CPU
		{4F43BDC2-1864-4BD7-8162-6F081F88BE3D}.Release|Any CPU.Build.0 = Release|Any CPU
	EndGlobalSection
	GlobalSection(SolutionProperties) = preSolution
		HideSolutionNode = FALSE
	EndGlobalSection
	GlobalSection(ExtensibilityGlobals) = postSolution
		SolutionGuid = {726DCE62-7075-41B9-A287-EBC54F81D729}
	EndGlobalSection
EndGlobal
